// !$*UTF8*$!
{
	archiveVersion = 1;
	classes = {
	};
	objectVersion = 48;
	objects = {

/* Begin PBXBuildFile section */
		A9096E4D1F7EF0E200DFBEA6 /* IOSurface.framework in Frameworks */ = {isa = PBXBuildFile; fileRef = A9096E4C1F7EF0E200DFBEA6 /* IOSurface.framework */; };
		A944E5E61D1CA976000777C7 /* macOS.xcassets in Resources */ = {isa = PBXBuildFile; fileRef = A944E5E51D1CA976000777C7 /* macOS.xcassets */; };
		A944E5EE1D1CA9E0000777C7 /* Default-568h@2x.png in Resources */ = {isa = PBXBuildFile; fileRef = A944E5EA1D1CA9E0000777C7 /* Default-568h@2x.png */; };
		A944E5EF1D1CA9E0000777C7 /* Default~ipad.png in Resources */ = {isa = PBXBuildFile; fileRef = A944E5EB1D1CA9E0000777C7 /* Default~ipad.png */; };
		A944E5F01D1CA9E0000777C7 /* Icon.png in Resources */ = {isa = PBXBuildFile; fileRef = A944E5EC1D1CA9E0000777C7 /* Icon.png */; };
		A947FD781CF91202007A3232 /* libc++.tbd in Frameworks */ = {isa = PBXBuildFile; fileRef = A947FD771CF91202007A3232 /* libc++.tbd */; };
		A947FD7A1CF91217007A3232 /* MoltenVK.framework in Frameworks */ = {isa = PBXBuildFile; fileRef = A947FD791CF91217007A3232 /* MoltenVK.framework */; };
		A95419011D11A1F0000901F0 /* MoltenVK.framework in Frameworks */ = {isa = PBXBuildFile; fileRef = A95419001D11A1F0000901F0 /* MoltenVK.framework */; };
		A9A7447F1D1198A400ADB0E9 /* atw_vulkan.c in Sources */ = {isa = PBXBuildFile; fileRef = A9A980211CF92ADC00A9CCE1 /* atw_vulkan.c */; };
		A9A744841D1198A400ADB0E9 /* libc++.tbd in Frameworks */ = {isa = PBXBuildFile; fileRef = A947FD771CF91202007A3232 /* libc++.tbd */; };
		A9A980641CF92B0400A9CCE1 /* atw_vulkan.c in Sources */ = {isa = PBXBuildFile; fileRef = A9A980211CF92ADC00A9CCE1 /* atw_vulkan.c */; };
		A9A980651CF92B5200A9CCE1 /* atw_opengl.c in Sources */ = {isa = PBXBuildFile; fileRef = A9A980201CF92ADC00A9CCE1 /* atw_opengl.c */; };
/* End PBXBuildFile section */

/* Begin PBXFileReference section */
		A9096E4C1F7EF0E200DFBEA6 /* IOSurface.framework */ = {isa = PBXFileReference; lastKnownFileType = wrapper.framework; name = IOSurface.framework; path = Platforms/iPhoneOS.platform/Developer/SDKs/iPhoneOS11.0.sdk/System/Library/Frameworks/IOSurface.framework; sourceTree = DEVELOPER_DIR; };
		A944E5E51D1CA976000777C7 /* macOS.xcassets */ = {isa = PBXFileReference; lastKnownFileType = folder.assetcatalog; path = macOS.xcassets; sourceTree = "<group>"; };
		A944E5EA1D1CA9E0000777C7 /* Default-568h@2x.png */ = {isa = PBXFileReference; lastKnownFileType = image.png; path = "Default-568h@2x.png"; sourceTree = "<group>"; };
		A944E5EB1D1CA9E0000777C7 /* Default~ipad.png */ = {isa = PBXFileReference; lastKnownFileType = image.png; path = "Default~ipad.png"; sourceTree = "<group>"; };
		A944E5EC1D1CA9E0000777C7 /* Icon.png */ = {isa = PBXFileReference; lastKnownFileType = image.png; path = Icon.png; sourceTree = "<group>"; };
		A947FD771CF91202007A3232 /* libc++.tbd */ = {isa = PBXFileReference; lastKnownFileType = "sourcecode.text-based-dylib-definition"; name = "libc++.tbd"; path = "usr/lib/libc++.tbd"; sourceTree = SDKROOT; };
		A947FD791CF91217007A3232 /* MoltenVK.framework */ = {isa = PBXFileReference; lastKnownFileType = wrapper.framework; name = MoltenVK.framework; path = ../../../../Package/Latest/MoltenVK/macOS/MoltenVK.framework; sourceTree = "<group>"; };
		A95419001D11A1F0000901F0 /* MoltenVK.framework */ = {isa = PBXFileReference; lastKnownFileType = wrapper.framework; name = MoltenVK.framework; path = ../../../../Package/Latest/MoltenVK/iOS/MoltenVK.framework; sourceTree = "<group>"; };
		A95816661C03BC4D00792CBF /* AsynchronousTimeWarp-OGL.app */ = {isa = PBXFileReference; explicitFileType = wrapper.application; includeInIndex = 0; path = "AsynchronousTimeWarp-OGL.app"; sourceTree = BUILT_PRODUCTS_DIR; };
		A95816741C03BC4D00792CBF /* Info.plist */ = {isa = PBXFileReference; lastKnownFileType = text.plist.xml; path = Info.plist; sourceTree = "<group>"; };
		A95816881C03D79500792CBF /* AsynchronousTimeWarp-VK.app */ = {isa = PBXFileReference; explicitFileType = wrapper.application; includeInIndex = 0; path = "AsynchronousTimeWarp-VK.app"; sourceTree = BUILT_PRODUCTS_DIR; };
		A9A744881D1198A400ADB0E9 /* AsynchronousTimeWarp-VK.app */ = {isa = PBXFileReference; explicitFileType = wrapper.application; includeInIndex = 0; path = "AsynchronousTimeWarp-VK.app"; sourceTree = BUILT_PRODUCTS_DIR; };
		A9A980201CF92ADC00A9CCE1 /* atw_opengl.c */ = {isa = PBXFileReference; explicitFileType = sourcecode.c.objc; path = atw_opengl.c; sourceTree = "<group>"; usesTabs = 1; };
		A9A980211CF92ADC00A9CCE1 /* atw_vulkan.c */ = {isa = PBXFileReference; explicitFileType = sourcecode.c.objc; path = atw_vulkan.c; sourceTree = "<group>"; usesTabs = 1; };
		A9A980231CF92ADC00A9CCE1 /* LICENSE */ = {isa = PBXFileReference; lastKnownFileType = text; path = LICENSE; sourceTree = "<group>"; };
		A9A980631CF92ADC00A9CCE1 /* README.md */ = {isa = PBXFileReference; lastKnownFileType = net.daringfireball.markdown; path = README.md; sourceTree = "<group>"; };
/* End PBXFileReference section */

/* Begin PBXFrameworksBuildPhase section */
		A95816631C03BC4D00792CBF /* Frameworks */ = {
			isa = PBXFrameworksBuildPhase;
			buildActionMask = 2147483647;
			files = (
			);
			runOnlyForDeploymentPostprocessing = 0;
		};
		A95816811C03D79500792CBF /* Frameworks */ = {
			isa = PBXFrameworksBuildPhase;
			buildActionMask = 2147483647;
			files = (
				A947FD7A1CF91217007A3232 /* MoltenVK.framework in Frameworks */,
				A947FD781CF91202007A3232 /* libc++.tbd in Frameworks */,
			);
			runOnlyForDeploymentPostprocessing = 0;
		};
		A9A744821D1198A400ADB0E9 /* Frameworks */ = {
			isa = PBXFrameworksBuildPhase;
			buildActionMask = 2147483647;
			files = (
				A95419011D11A1F0000901F0 /* MoltenVK.framework in Frameworks */,
				A9096E4D1F7EF0E200DFBEA6 /* IOSurface.framework in Frameworks */,
				A9A744841D1198A400ADB0E9 /* libc++.tbd in Frameworks */,
			);
			runOnlyForDeploymentPostprocessing = 0;
		};
/* End PBXFrameworksBuildPhase section */

/* Begin PBXGroup section */
		A93E22721C060C4A00206F85 /* Frameworks */ = {
			isa = PBXGroup;
			children = (
				A9096E4C1F7EF0E200DFBEA6 /* IOSurface.framework */,
				A95419001D11A1F0000901F0 /* MoltenVK.framework */,
				A947FD791CF91217007A3232 /* MoltenVK.framework */,
				A947FD771CF91202007A3232 /* libc++.tbd */,
			);
			name = Frameworks;
			sourceTree = "<group>";
		};
		A944E5E41D1CA976000777C7 /* Resources */ = {
			isa = PBXGroup;
			children = (
				A944E5E51D1CA976000777C7 /* macOS.xcassets */,
			);
			path = Resources;
			sourceTree = "<group>";
		};
		A944E5E71D1CA9E0000777C7 /* iOS */ = {
			isa = PBXGroup;
			children = (
				A944E5E91D1CA9E0000777C7 /* Resources */,
			);
			path = iOS;
			sourceTree = "<group>";
		};
		A944E5E91D1CA9E0000777C7 /* Resources */ = {
			isa = PBXGroup;
			children = (
				A944E5EA1D1CA9E0000777C7 /* Default-568h@2x.png */,
				A944E5EB1D1CA9E0000777C7 /* Default~ipad.png */,
				A944E5EC1D1CA9E0000777C7 /* Icon.png */,
			);
			path = Resources;
			sourceTree = "<group>";
		};
		A958165D1C03BC4D00792CBF = {
			isa = PBXGroup;
			children = (
				A9A9801E1CF92ADC00A9CCE1 /* atw */,
				A944E5E71D1CA9E0000777C7 /* iOS */,
				A95816681C03BC4D00792CBF /* macOS */,
				A93E22721C060C4A00206F85 /* Frameworks */,
				A95816671C03BC4D00792CBF /* Products */,
			);
			sourceTree = "<group>";
		};
		A95816671C03BC4D00792CBF /* Products */ = {
			isa = PBXGroup;
			children = (
				A95816661C03BC4D00792CBF /* AsynchronousTimeWarp-OGL.app */,
				A95816881C03D79500792CBF /* AsynchronousTimeWarp-VK.app */,
				A9A744881D1198A400ADB0E9 /* AsynchronousTimeWarp-VK.app */,
			);
			name = Products;
			sourceTree = "<group>";
		};
		A95816681C03BC4D00792CBF /* macOS */ = {
			isa = PBXGroup;
			children = (
				A944E5E41D1CA976000777C7 /* Resources */,
				A95816741C03BC4D00792CBF /* Info.plist */,
			);
			path = macOS;
			sourceTree = "<group>";
		};
		A9A9801E1CF92ADC00A9CCE1 /* atw */ = {
			isa = PBXGroup;
			children = (
				A9A980201CF92ADC00A9CCE1 /* atw_opengl.c */,
				A9A980211CF92ADC00A9CCE1 /* atw_vulkan.c */,
				A9A980231CF92ADC00A9CCE1 /* LICENSE */,
				A9A980631CF92ADC00A9CCE1 /* README.md */,
			);
			path = atw;
			sourceTree = "<group>";
		};
/* End PBXGroup section */

/* Begin PBXNativeTarget section */
		A95816651C03BC4D00792CBF /* AsynchronousTimeWarp-OGL-macOS */ = {
			isa = PBXNativeTarget;
			buildConfigurationList = A95816771C03BC4D00792CBF /* Build configuration list for PBXNativeTarget "AsynchronousTimeWarp-OGL-macOS" */;
			buildPhases = (
				A95816621C03BC4D00792CBF /* Sources */,
				A95816641C03BC4D00792CBF /* Resources */,
				A95816631C03BC4D00792CBF /* Frameworks */,
			);
			buildRules = (
			);
			dependencies = (
			);
			name = "AsynchronousTimeWarp-OGL-macOS";
			productName = AsynchronousTimeWarp;
			productReference = A95816661C03BC4D00792CBF /* AsynchronousTimeWarp-OGL.app */;
			productType = "com.apple.product-type.application";
		};
		A958167E1C03D79500792CBF /* AsynchronousTimeWarp-VK-macOS */ = {
			isa = PBXNativeTarget;
			buildConfigurationList = A95816851C03D79500792CBF /* Build configuration list for PBXNativeTarget "AsynchronousTimeWarp-VK-macOS" */;
			buildPhases = (
				A958167F1C03D79500792CBF /* Sources */,
				A95816821C03D79500792CBF /* Resources */,
				A95816811C03D79500792CBF /* Frameworks */,
			);
			buildRules = (
			);
			dependencies = (
			);
			name = "AsynchronousTimeWarp-VK-macOS";
			productName = AsynchronousTimeWarp;
			productReference = A95816881C03D79500792CBF /* AsynchronousTimeWarp-VK.app */;
			productType = "com.apple.product-type.application";
		};
		A9A7447D1D1198A400ADB0E9 /* AsynchronousTimeWarp-VK-iOS */ = {
			isa = PBXNativeTarget;
			buildConfigurationList = A9A744851D1198A400ADB0E9 /* Build configuration list for PBXNativeTarget "AsynchronousTimeWarp-VK-iOS" */;
			buildPhases = (
				A9A7447E1D1198A400ADB0E9 /* Sources */,
				A9A744801D1198A400ADB0E9 /* Resources */,
				A9A744821D1198A400ADB0E9 /* Frameworks */,
			);
			buildRules = (
			);
			dependencies = (
			);
			name = "AsynchronousTimeWarp-VK-iOS";
			productName = AsynchronousTimeWarp;
			productReference = A9A744881D1198A400ADB0E9 /* AsynchronousTimeWarp-VK.app */;
			productType = "com.apple.product-type.application";
		};
/* End PBXNativeTarget section */

/* Begin PBXProject section */
		A958165E1C03BC4D00792CBF /* Project object */ = {
			isa = PBXProject;
			attributes = {
				LastUpgradeCheck = 0900;
				ORGANIZATIONNAME = "The Brenwill Workshop Ltd.";
				TargetAttributes = {
					A95816651C03BC4D00792CBF = {
						CreatedOnToolsVersion = 7.1.1;
						DevelopmentTeam = VU3TCKU48B;
					};
					A958167E1C03D79500792CBF = {
						DevelopmentTeam = VU3TCKU48B;
					};
					A9A7447D1D1198A400ADB0E9 = {
						DevelopmentTeam = VU3TCKU48B;
					};
				};
			};
			buildConfigurationList = A95816611C03BC4D00792CBF /* Build configuration list for PBXProject "AsynchronousTimeWarp" */;
			compatibilityVersion = "Xcode 8.0";
			developmentRegion = English;
			hasScannedForEncodings = 0;
			knownRegions = (
				en,
				Base,
			);
			mainGroup = A958165D1C03BC4D00792CBF;
			productRefGroup = A95816671C03BC4D00792CBF /* Products */;
			projectDirPath = "";
			projectRoot = "";
			targets = (
				A9A7447D1D1198A400ADB0E9 /* AsynchronousTimeWarp-VK-iOS */,
				A958167E1C03D79500792CBF /* AsynchronousTimeWarp-VK-macOS */,
				A95816651C03BC4D00792CBF /* AsynchronousTimeWarp-OGL-macOS */,
			);
		};
/* End PBXProject section */

/* Begin PBXResourcesBuildPhase section */
		A95816641C03BC4D00792CBF /* Resources */ = {
			isa = PBXResourcesBuildPhase;
			buildActionMask = 2147483647;
			files = (
			);
			runOnlyForDeploymentPostprocessing = 0;
		};
		A95816821C03D79500792CBF /* Resources */ = {
			isa = PBXResourcesBuildPhase;
			buildActionMask = 2147483647;
			files = (
				A944E5E61D1CA976000777C7 /* macOS.xcassets in Resources */,
			);
			runOnlyForDeploymentPostprocessing = 0;
		};
		A9A744801D1198A400ADB0E9 /* Resources */ = {
			isa = PBXResourcesBuildPhase;
			buildActionMask = 2147483647;
			files = (
				A944E5F01D1CA9E0000777C7 /* Icon.png in Resources */,
				A944E5EF1D1CA9E0000777C7 /* Default~ipad.png in Resources */,
				A944E5EE1D1CA9E0000777C7 /* Default-568h@2x.png in Resources */,
			);
			runOnlyForDeploymentPostprocessing = 0;
		};
/* End PBXResourcesBuildPhase section */

/* Begin PBXSourcesBuildPhase section */
		A95816621C03BC4D00792CBF /* Sources */ = {
			isa = PBXSourcesBuildPhase;
			buildActionMask = 2147483647;
			files = (
				A9A980651CF92B5200A9CCE1 /* atw_opengl.c in Sources */,
			);
			runOnlyForDeploymentPostprocessing = 0;
		};
		A958167F1C03D79500792CBF /* Sources */ = {
			isa = PBXSourcesBuildPhase;
			buildActionMask = 2147483647;
			files = (
				A9A980641CF92B0400A9CCE1 /* atw_vulkan.c in Sources */,
			);
			runOnlyForDeploymentPostprocessing = 0;
		};
		A9A7447E1D1198A400ADB0E9 /* Sources */ = {
			isa = PBXSourcesBuildPhase;
			buildActionMask = 2147483647;
			files = (
				A9A7447F1D1198A400ADB0E9 /* atw_vulkan.c in Sources */,
			);
			runOnlyForDeploymentPostprocessing = 0;
		};
/* End PBXSourcesBuildPhase section */

/* Begin XCBuildConfiguration section */
		A95816751C03BC4D00792CBF /* Debug */ = {
			isa = XCBuildConfiguration;
			buildSettings = {
				CLANG_CXX_LANGUAGE_STANDARD = "c++0x";
				CLANG_CXX_LIBRARY = "libc++";
				CLANG_ENABLE_MODULES = YES;
				CLANG_ENABLE_OBJC_ARC = NO;
				CLANG_WARN_BOOL_CONVERSION = YES;
				CLANG_WARN_CONSTANT_CONVERSION = YES;
				CLANG_WARN_DIRECT_OBJC_ISA_USAGE = YES_ERROR;
				CLANG_WARN_EMPTY_BODY = YES;
				CLANG_WARN_ENUM_CONVERSION = YES;
				CLANG_WARN_INT_CONVERSION = YES;
				CLANG_WARN_OBJC_ROOT_CLASS = YES_ERROR;
				CLANG_WARN_UNREACHABLE_CODE = YES;
				CLANG_WARN__DUPLICATE_METHOD_MATCH = YES;
				COPY_PHASE_STRIP = NO;
				ENABLE_BITCODE = NO;
				ENABLE_STRICT_OBJC_MSGSEND = YES;
				ENABLE_TESTABILITY = YES;
				GCC_C_LANGUAGE_STANDARD = c99;
				GCC_OPTIMIZATION_LEVEL = 0;
				GCC_PREPROCESSOR_DEFINITIONS = (
					"DEBUG=1",
					"$(inherited)",
				);
				GCC_SYMBOLS_PRIVATE_EXTERN = NO;
				GCC_WARN_64_TO_32_BIT_CONVERSION = NO;
				GCC_WARN_ABOUT_DEPRECATED_FUNCTIONS = NO;
				GCC_WARN_ABOUT_RETURN_TYPE = YES_ERROR;
				GCC_WARN_UNDECLARED_SELECTOR = YES;
				GCC_WARN_UNINITIALIZED_AUTOS = YES_AGGRESSIVE;
				GCC_WARN_UNUSED_FUNCTION = YES;
				GCC_WARN_UNUSED_VARIABLE = YES;
				HEADER_SEARCH_PATHS = (
					"\"$(SRCROOT)/../../../MoltenVK/include\"",
					"\"$(SRCROOT)/../Vulkan-Samples/external/include\"",
				);
				MTL_ENABLE_DEBUG_INFO = YES;
				ONLY_ACTIVE_ARCH = YES;
				OTHER_LDFLAGS = "-ObjC";
				SDKROOT = macosx;
			};
			name = Debug;
		};
		A95816761C03BC4D00792CBF /* Release */ = {
			isa = XCBuildConfiguration;
			buildSettings = {
				CLANG_CXX_LANGUAGE_STANDARD = "c++0x";
				CLANG_CXX_LIBRARY = "libc++";
				CLANG_ENABLE_MODULES = YES;
				CLANG_ENABLE_OBJC_ARC = NO;
				CLANG_WARN_BOOL_CONVERSION = YES;
				CLANG_WARN_CONSTANT_CONVERSION = YES;
				CLANG_WARN_DIRECT_OBJC_ISA_USAGE = YES_ERROR;
				CLANG_WARN_EMPTY_BODY = YES;
				CLANG_WARN_ENUM_CONVERSION = YES;
				CLANG_WARN_INT_CONVERSION = YES;
				CLANG_WARN_OBJC_ROOT_CLASS = YES_ERROR;
				CLANG_WARN_UNREACHABLE_CODE = YES;
				CLANG_WARN__DUPLICATE_METHOD_MATCH = YES;
				ENABLE_BITCODE = NO;
				ENABLE_NS_ASSERTIONS = NO;
				ENABLE_STRICT_OBJC_MSGSEND = YES;
				GCC_C_LANGUAGE_STANDARD = c99;
				GCC_SYMBOLS_PRIVATE_EXTERN = NO;
				GCC_WARN_64_TO_32_BIT_CONVERSION = NO;
				GCC_WARN_ABOUT_DEPRECATED_FUNCTIONS = NO;
				GCC_WARN_ABOUT_RETURN_TYPE = YES_ERROR;
				GCC_WARN_UNDECLARED_SELECTOR = YES;
				GCC_WARN_UNINITIALIZED_AUTOS = YES_AGGRESSIVE;
				GCC_WARN_UNUSED_FUNCTION = YES;
				GCC_WARN_UNUSED_VARIABLE = YES;
				HEADER_SEARCH_PATHS = (
					"\"$(SRCROOT)/../../../MoltenVK/include\"",
					"\"$(SRCROOT)/../Vulkan-Samples/external/include\"",
				);
				MTL_ENABLE_DEBUG_INFO = NO;
				OTHER_LDFLAGS = "-ObjC";
				SDKROOT = macosx;
			};
			name = Release;
		};
		A95816781C03BC4D00792CBF /* Debug */ = {
			isa = XCBuildConfiguration;
			buildSettings = {
				ASSETCATALOG_COMPILER_APPICON_NAME = AppIcon;
				CLANG_ENABLE_MODULES = YES;
				COMBINE_HIDPI_IMAGES = YES;
				INFOPLIST_FILE = macOS/Info.plist;
				LD_RUNPATH_SEARCH_PATHS = "$(inherited) @executable_path/../Frameworks";
				PRODUCT_BUNDLE_IDENTIFIER = com.moltenvk.AsynchronousTimeWarp;
				PRODUCT_NAME = "AsynchronousTimeWarp-OGL";
			};
			name = Debug;
		};
		A95816791C03BC4D00792CBF /* Release */ = {
			isa = XCBuildConfiguration;
			buildSettings = {
				ASSETCATALOG_COMPILER_APPICON_NAME = AppIcon;
				CLANG_ENABLE_MODULES = YES;
				COMBINE_HIDPI_IMAGES = YES;
				INFOPLIST_FILE = macOS/Info.plist;
				LD_RUNPATH_SEARCH_PATHS = "$(inherited) @executable_path/../Frameworks";
				PRODUCT_BUNDLE_IDENTIFIER = com.moltenvk.AsynchronousTimeWarp;
				PRODUCT_NAME = "AsynchronousTimeWarp-OGL";
			};
			name = Release;
		};
		A95816861C03D79500792CBF /* Debug */ = {
			isa = XCBuildConfiguration;
			buildSettings = {
				ASSETCATALOG_COMPILER_APPICON_NAME = AppIcon;
				COMBINE_HIDPI_IMAGES = YES;
				FRAMEWORK_SEARCH_PATHS = "\"$(SRCROOT)/../../../MoltenVK/macOS\"";
				GCC_PREPROCESSOR_DEFINITIONS = (
					"$(inherited)",
					VK_USE_PLATFORM_MACOS_MVK,
				);
				INFOPLIST_FILE = "$(SRCROOT)/macOS/Info.plist";
				LD_RUNPATH_SEARCH_PATHS = "$(inherited) @executable_path/../Frameworks";
				MACOSX_DEPLOYMENT_TARGET = 10.11;
				PRODUCT_BUNDLE_IDENTIFIER = com.moltenvk.AsynchronousTimeWarp;
				PRODUCT_NAME = "AsynchronousTimeWarp-VK";
			};
			name = Debug;
		};
		A95816871C03D79500792CBF /* Release */ = {
			isa = XCBuildConfiguration;
			buildSettings = {
				ASSETCATALOG_COMPILER_APPICON_NAME = AppIcon;
				COMBINE_HIDPI_IMAGES = YES;
				FRAMEWORK_SEARCH_PATHS = "\"$(SRCROOT)/../../../MoltenVK/macOS\"";
				GCC_PREPROCESSOR_DEFINITIONS = (
					"$(inherited)",
					VK_USE_PLATFORM_MACOS_MVK,
				);
				INFOPLIST_FILE = "$(SRCROOT)/macOS/Info.plist";
				LD_RUNPATH_SEARCH_PATHS = "$(inherited) @executable_path/../Frameworks";
				MACOSX_DEPLOYMENT_TARGET = 10.11;
				PRODUCT_BUNDLE_IDENTIFIER = com.moltenvk.AsynchronousTimeWarp;
				PRODUCT_NAME = "AsynchronousTimeWarp-VK";
			};
			name = Release;
		};
		A9A744861D1198A400ADB0E9 /* Debug */ = {
			isa = XCBuildConfiguration;
			buildSettings = {
				CODE_SIGN_IDENTITY = "iPhone Developer";
				"CODE_SIGN_IDENTITY[sdk=iphoneos*]" = "iPhone Developer";
				COMBINE_HIDPI_IMAGES = YES;
				DEVELOPMENT_TEAM = VU3TCKU48B;
				FRAMEWORK_SEARCH_PATHS = "\"$(SRCROOT)/../../../MoltenVK/iOS\"";
				GCC_PREPROCESSOR_DEFINITIONS = (
					"$(inherited)",
					VK_USE_PLATFORM_IOS_MVK,
				);
				INFOPLIST_FILE = "$(SRCROOT)/iOS/Info.plist";
				IPHONEOS_DEPLOYMENT_TARGET = 9.0;
				LD_RUNPATH_SEARCH_PATHS = "$(inherited) @executable_path/../Frameworks";
				PRODUCT_BUNDLE_IDENTIFIER = com.moltenvk.AsynchronousTimeWarp;
				PRODUCT_NAME = "AsynchronousTimeWarp-VK";
				SDKROOT = iphoneos;
				TARGETED_DEVICE_FAMILY = "1,2";
				VALID_ARCHS = arm64;
			};
			name = Debug;
		};
		A9A744871D1198A400ADB0E9 /* Release */ = {
			isa = XCBuildConfiguration;
			buildSettings = {
				CODE_SIGN_IDENTITY = "iPhone Developer";
				"CODE_SIGN_IDENTITY[sdk=iphoneos*]" = "iPhone Developer";
				COMBINE_HIDPI_IMAGES = YES;
				DEVELOPMENT_TEAM = VU3TCKU48B;
				FRAMEWORK_SEARCH_PATHS = "\"$(SRCROOT)/../../../MoltenVK/iOS\"";
				GCC_PREPROCESSOR_DEFINITIONS = (
					"$(inherited)",
					VK_USE_PLATFORM_IOS_MVK,
				);
				INFOPLIST_FILE = "$(SRCROOT)/iOS/Info.plist";
				IPHONEOS_DEPLOYMENT_TARGET = 9.0;
				LD_RUNPATH_SEARCH_PATHS = "$(inherited) @executable_path/../Frameworks";
				PRODUCT_BUNDLE_IDENTIFIER = com.moltenvk.AsynchronousTimeWarp;
				PRODUCT_NAME = "AsynchronousTimeWarp-VK";
				SDKROOT = iphoneos;
				TARGETED_DEVICE_FAMILY = "1,2";
				VALID_ARCHS = arm64;
			};
			name = Release;
		};
/* End XCBuildConfiguration section */

/* Begin XCConfigurationList section */
		A95816611C03BC4D00792CBF /* Build configuration list for PBXProject "AsynchronousTimeWarp" */ = {
			isa = XCConfigurationList;
			buildConfigurations = (
				A95816751C03BC4D00792CBF /* Debug */,
				A95816761C03BC4D00792CBF /* Release */,
			);
			defaultConfigurationIsVisible = 0;
			defaultConfigurationName = Release;
		};
		A95816771C03BC4D00792CBF /* Build configuration list for PBXNativeTarget "AsynchronousTimeWarp-OGL-macOS" */ = {
			isa = XCConfigurationList;
			buildConfigurations = (
				A95816781C03BC4D00792CBF /* Debug */,
				A95816791C03BC4D00792CBF /* Release */,
			);
			defaultConfigurationIsVisible = 0;
			defaultConfigurationName = Release;
		};
		A95816851C03D79500792CBF /* Build configuration list for PBXNativeTarget "AsynchronousTimeWarp-VK-macOS" */ = {
			isa = XCConfigurationList;
			buildConfigurations = (
				A95816861C03D79500792CBF /* Debug */,
				A95816871C03D79500792CBF /* Release */,
			);
			defaultConfigurationIsVisible = 0;
			defaultConfigurationName = Release;
		};
		A9A744851D1198A400ADB0E9 /* Build configuration list for PBXNativeTarget "AsynchronousTimeWarp-VK-iOS" */ = {
			isa = XCConfigurationList;
			buildConfigurations = (
				A9A744861D1198A400ADB0E9 /* Debug */,
				A9A744871D1198A400ADB0E9 /* Release */,
			);
			defaultConfigurationIsVisible = 0;
			defaultConfigurationName = Release;
		};
/* End XCConfigurationList section */
	};
	rootObject = A958165E1C03BC4D00792CBF /* Project object */;
}
